
Microsoft Visual Studio Solution File, Format Version 12.00
# Visual Studio Version 17
VisualStudioVersion = 17.0.31903.59
MinimumVisualStudioVersion = 10.0.40219.1
Project("{FAE04EC0-301F-11D3-BF4B-00C04F79EFBC}") = "OPCBS.Api", "OPCBS\OPCBS.Api.csproj", "{1F0D3C02-16E8-42D0-B5DE-5B9297D490CC}"
EndProject
Project("{FAE04EC0-301F-11D3-BF4B-00C04F79EFBC}") = "OPCBS.Web", "OPCBS.Web\OPCBS.Web.csproj", "{C92C4E18-E380-4BD3-B02E-5210D0765A68}"
EndProject
Project("{FAE04EC0-301F-11D3-BF4B-00C04F79EFBC}") = "OPCBS.Domain", "OPCBS.Domain\OPCBS.Domain.csproj", "{163B34EB-9978-4941-83E1-C71EFCEF8053}"
EndProject
Project("{FAE04EC0-301F-11D3-BF4B-00C04F79EFBC}") = "OPCBS.Application", "OPCBS.Application\OPCBS.Application.csproj", "{EC052AE9-9883-44CB-AAD8-E44C4BBC3DE2}"
EndProject
Project("{FAE04EC0-301F-11D3-BF4B-00C04F79EFBC}") = "OPCBS.Infrastructure", "OPCBS.Infrastructure\OPCBS.Infrastructure.csproj", "{18FE9202-E0B9-4A48-99AE-35A5EA212BCC}"
EndProject
Project("{FAE04EC0-301F-11D3-BF4B-00C04F79EFBC}") = "OPCBS.Shared", "OPCBS.Shared\OPCBS.Shared.csproj", "{006147BE-2B85-468A-BC91-DED4C86E107B}"
EndProject
Project("{FAE04EC0-301F-11D3-BF4B-00C04F79EFBC}") = "OPCBS.Tests", "OPCBS.Tests\OPCBS.Tests.csproj", "{6E50DCC7-FA23-45EE-8587-5FA05679D35E}"
EndProject
Global
	GlobalSection(SolutionConfigurationPlatforms) = preSolution
		Debug|Any CPU = Debug|Any CPU
		Debug|x64 = Debug|x64
		Debug|x86 = Debug|x86
		Release|Any CPU = Release|Any CPU
		Release|x64 = Release|x64
		Release|x86 = Release|x86
	EndGlobalSection
	GlobalSection(ProjectConfigurationPlatforms) = postSolution
		{1F0D3C02-16E8-42D0-B5DE-5B9297D490CC}.Debug|Any CPU.ActiveCfg = Debug|Any CPU
		{1F0D3C02-16E8-42D0-B5DE-5B9297D490CC}.Debug|Any CPU.Build.0 = Debug|Any CPU
		{1F0D3C02-16E8-42D0-B5DE-5B9297D490CC}.Debug|x64.ActiveCfg = Debug|Any CPU
		{1F0D3C02-16E8-42D0-B5DE-5B9297D490CC}.Debug|x64.Build.0 = Debug|Any CPU
		{1F0D3C02-16E8-42D0-B5DE-5B9297D490CC}.Debug|x86.ActiveCfg = Debug|Any CPU
		{1F0D3C02-16E8-42D0-B5DE-5B9297D490CC}.Debug|x86.Build.0 = Debug|Any CPU
		{1F0D3C02-16E8-42D0-B5DE-5B9297D490CC}.Release|Any CPU.ActiveCfg = Release|Any CPU
		{1F0D3C02-16E8-42D0-B5DE-5B9297D490CC}.Release|Any CPU.Build.0 = Release|Any CPU
		{1F0D3C02-16E8-42D0-B5DE-5B9297D490CC}.Release|x64.ActiveCfg = Release|Any CPU
		{1F0D3C02-16E8-42D0-B5DE-5B9297D490CC}.Release|x64.Build.0 = Release|Any CPU
		{1F0D3C02-16E8-42D0-B5DE-5B9297D490CC}.Release|x86.ActiveCfg = Release|Any CPU
		{1F0D3C02-16E8-42D0-B5DE-5B9297D490CC}.Release|x86.Build.0 = Release|Any CPU
		{C92C4E18-E380-4BD3-B02E-5210D0765A68}.Debug|Any CPU.ActiveCfg = Debug|Any CPU
		{C92C4E18-E380-4BD3-B02E-5210D0765A68}.Debug|Any CPU.Build.0 = Debug|Any CPU
		{C92C4E18-E380-4BD3-B02E-5210D0765A68}.Debug|x64.ActiveCfg = Debug|Any CPU
		{C92C4E18-E380-4BD3-B02E-5210D0765A68}.Debug|x64.Build.0 = Debug|Any CPU
		{C92C4E18-E380-4BD3-B02E-5210D0765A68}.Debug|x86.ActiveCfg = Debug|Any CPU
		{C92C4E18-E380-4BD3-B02E-5210D0765A68}.Debug|x86.Build.0 = Debug|Any CPU
		{C92C4E18-E380-4BD3-B02E-5210D0765A68}.Release|Any CPU.ActiveCfg = Release|Any CPU
		{C92C4E18-E380-4BD3-B02E-5210D0765A68}.Release|Any CPU.Build.0 = Release|Any CPU
		{C92C4E18-E380-4BD3-B02E-5210D0765A68}.Release|x64.ActiveCfg = Release|Any CPU
		{C92C4E18-E380-4BD3-B02E-5210D0765A68}.Release|x64.Build.0 = Release|Any CPU
		{C92C4E18-E380-4BD3-B02E-5210D0765A68}.Release|x86.ActiveCfg = Release|Any CPU
		{C92C4E18-E380-4BD3-B02E-5210D0765A68}.Release|x86.Build.0 = Release|Any CPU
		{163B34EB-9978-4941-83E1-C71EFCEF8053}.Debug|Any CPU.ActiveCfg = Debug|Any CPU
		{163B34EB-9978-4941-83E1-C71EFCEF8053}.Debug|Any CPU.Build.0 = Debug|Any CPU
		{163B34EB-9978-4941-83E1-C71EFCEF8053}.Debug|x64.ActiveCfg = Debug|Any CPU
		{163B34EB-9978-4941-83E1-C71EFCEF8053}.Debug|x64.Build.0 = Debug|Any CPU
		{163B34EB-9978-4941-83E1-C71EFCEF8053}.Debug|x86.ActiveCfg = Debug|Any CPU
		{163B34EB-9978-4941-83E1-C71EFCEF8053}.Debug|x86.Build.0 = Debug|Any CPU
		{163B34EB-9978-4941-83E1-C71EFCEF8053}.Release|Any CPU.ActiveCfg = Release|Any CPU
		{163B34EB-9978-4941-83E1-C71EFCEF8053}.Release|Any CPU.Build.0 = Release|Any CPU
		{163B34EB-9978-4941-83E1-C71EFCEF8053}.Release|x64.ActiveCfg = Release|Any CPU
		{163B34EB-9978-4941-83E1-C71EFCEF8053}.Release|x64.Build.0 = Release|Any CPU
		{163B34EB-9978-4941-83E1-C71EFCEF8053}.Release|x86.ActiveCfg = Release|Any CPU
		{163B34EB-9978-4941-83E1-C71EFCEF8053}.Release|x86.Build.0 = Release|Any CPU
		{EC052AE9-9883-44CB-AAD8-E44C4BBC3DE2}.Debug|Any CPU.ActiveCfg = Debug|Any CPU
		{EC052AE9-9883-44CB-AAD8-E44C4BBC3DE2}.Debug|Any CPU.Build.0 = Debug|Any CPU
		{EC052AE9-9883-44CB-AAD8-E44C4BBC3DE2}.Debug|x64.ActiveCfg = Debug|Any CPU
		{EC052AE9-9883-44CB-AAD8-E44C4BBC3DE2}.Debug|x64.Build.0 = Debug|Any CPU
		{EC052AE9-9883-44CB-AAD8-E44C4BBC3DE2}.Debug|x86.ActiveCfg = Debug|Any CPU
		{EC052AE9-9883-44CB-AAD8-E44C4BBC3DE2}.Debug|x86.Build.0 = Debug|Any CPU
		{EC052AE9-9883-44CB-AAD8-E44C4BBC3DE2}.Release|Any CPU.ActiveCfg = Release|Any CPU
		{EC052AE9-9883-44CB-AAD8-E44C4BBC3DE2}.Release|Any CPU.Build.0 = Release|Any CPU
		{EC052AE9-9883-44CB-AAD8-E44C4BBC3DE2}.Release|x64.ActiveCfg = Release|Any CPU
		{EC052AE9-9883-44CB-AAD8-E44C4BBC3DE2}.Release|x64.Build.0 = Release|Any CPU
		{EC052AE9-9883-44CB-AAD8-E44C4BBC3DE2}.Release|x86.ActiveCfg = Release|Any CPU
		{EC052AE9-9883-44CB-AAD8-E44C4BBC3DE2}.Release|x86.Build.0 = Release|Any CPU
		{18FE9202-E0B9-4A48-99AE-35A5EA212BCC}.Debug|Any CPU.ActiveCfg = Debug|Any CPU
		{18FE9202-E0B9-4A48-99AE-35A5EA212BCC}.Debug|Any CPU.Build.0 = Debug|Any CPU
		{18FE9202-E0B9-4A48-99AE-35A5EA212BCC}.Debug|x64.ActiveCfg = Debug|Any CPU
		{18FE9202-E0B9-4A48-99AE-35A5EA212BCC}.Debug|x64.Build.0 = Debug|Any CPU
		{18FE9202-E0B9-4A48-99AE-35A5EA212BCC}.Debug|x86.ActiveCfg = Debug|Any CPU
		{18FE9202-E0B9-4A48-99AE-35A5EA212BCC}.Debug|x86.Build.0 = Debug|Any CPU
		{18FE9202-E0B9-4A48-99AE-35A5EA212BCC}.Release|Any CPU.ActiveCfg = Release|Any CPU
		{18FE9202-E0B9-4A48-99AE-35A5EA212BCC}.Release|Any CPU.Build.0 = Release|Any CPU
		{18FE9202-E0B9-4A48-99AE-35A5EA212BCC}.Release|x64.ActiveCfg = Release|Any CPU
		{18FE9202-E0B9-4A48-99AE-35A5EA212BCC}.Release|x64.Build.0 = Release|Any CPU
		{18FE9202-E0B9-4A48-99AE-35A5EA212BCC}.Release|x86.ActiveCfg = Release|Any CPU
		{18FE9202-E0B9-4A48-99AE-35A5EA212BCC}.Release|x86.Build.0 = Release|Any CPU
		{006147BE-2B85-468A-BC91-DED4C86E107B}.Debug|Any CPU.ActiveCfg = Debug|Any CPU
		{006147BE-2B85-468A-BC91-DED4C86E107B}.Debug|Any CPU.Build.0 = Debug|Any CPU
		{006147BE-2B85-468A-BC91-DED4C86E107B}.Debug|x64.ActiveCfg = Debug|Any CPU
		{006147BE-2B85-468A-BC91-DED4C86E107B}.Debug|x64.Build.0 = Debug|Any CPU
		{006147BE-2B85-468A-BC91-DED4C86E107B}.Debug|x86.ActiveCfg = Debug|Any CPU
		{006147BE-2B85-468A-BC91-DED4C86E107B}.Debug|x86.Build.0 = Debug|Any CPU
		{006147BE-2B85-468A-BC91-DED4C86E107B}.Release|Any CPU.ActiveCfg = Release|Any CPU
		{006147BE-2B85-468A-BC91-DED4C86E107B}.Release|Any CPU.Build.0 = Release|Any CPU
		{006147BE-2B85-468A-BC91-DED4C86E107B}.Release|x64.ActiveCfg = Release|Any CPU
		{006147BE-2B85-468A-BC91-DED4C86E107B}.Release|x64.Build.0 = Release|Any CPU
		{006147BE-2B85-468A-BC91-DED4C86E107B}.Release|x86.ActiveCfg = Release|Any CPU
		{006147BE-2B85-468A-BC91-DED4C86E107B}.Release|x86.Build.0 = Release|Any CPU
		{6E50DCC7-FA23-45EE-8587-5FA05679D35E}.Debug|Any CPU.ActiveCfg = Debug|Any CPU
		{6E50DCC7-FA23-45EE-8587-5FA05679D35E}.Debug|Any CPU.Build.0 = Debug|Any CPU
		{6E50DCC7-FA23-45EE-8587-5FA05679D35E}.Debug|x64.ActiveCfg = Debug|Any CPU
		{6E50DCC7-FA23-45EE-8587-5FA05679D35E}.Debug|x64.Build.0 = Debug|Any CPU
		{6E50DCC7-FA23-45EE-8587-5FA05679D35E}.Debug|x86.ActiveCfg = Debug|Any CPU
		{6E50DCC7-FA23-45EE-8587-5FA05679D35E}.Debug|x86.Build.0 = Debug|Any CPU
		{6E50DCC7-FA23-45EE-8587-5FA05679D35E}.Release|Any CPU.ActiveCfg = Release|Any CPU
		{6E50DCC7-FA23-45EE-8587-5FA05679D35E}.Release|Any CPU.Build.0 = Release|Any CPU
		{6E50DCC7-FA23-45EE-8587-5FA05679D35E}.Release|x64.ActiveCfg = Release|Any CPU
		{6E50DCC7-FA23-45EE-8587-5FA05679D35E}.Release|x64.Build.0 = Release|Any CPU
		{6E50DCC7-FA23-45EE-8587-5FA05679D35E}.Release|x86.ActiveCfg = Release|Any CPU
		{6E50DCC7-FA23-45EE-8587-5FA05679D35E}.Release|x86.Build.0 = Release|Any CPU
	EndGlobalSection
	GlobalSection(SolutionProperties) = preSolution
		HideSolutionNode = FALSE
	EndGlobalSection
EndGlobal
